
Microsoft Visual Studio Solution File, Format Version 12.00
# Visual Studio Version 17
VisualStudioVersion = 17.0.31903.59
MinimumVisualStudioVersion = 10.0.40219.1
Project("{2150E333-8FDC-42A3-9474-1A3956D46DE8}") = "tests", "tests", "{0AB3BF05-4346-4AA6-1389-037BE0695223}"
EndProject
Project("{2150E333-8FDC-42A3-9474-1A3956D46DE8}") = "SimpleProjectForStryker", "SimpleProjectForStryker", "{7BD22F82-475F-EED6-3E81-031C627C923F}"
EndProject
Project("{FAE04EC0-301F-11D3-BF4B-00C04F79EFBC}") = "WebApi", "tests\SimpleProjectForStryker\WebApi\WebApi.csproj", "{47D79243-2B2D-47DA-B0B5-E036D10D676D}"
EndProject
Project("{FAE04EC0-301F-11D3-BF4B-00C04F79EFBC}") = "Tests", "tests\SimpleProjectForStryker\Tests\Tests.csproj", "{6C467A1E-4C52-4C36-BDE0-3CC5D7A9FFF3}"
EndProject
Global
	GlobalSection(SolutionConfigurationPlatforms) = preSolution
		Debug|Any CPU = Debug|Any CPU
		Debug|x64 = Debug|x64
		Debug|x86 = Debug|x86
		Release|Any CPU = Release|Any CPU
		Release|x64 = Release|x64
		Release|x86 = Release|x86
	EndGlobalSection
	GlobalSection(ProjectConfigurationPlatforms) = postSolution
		{47D79243-2B2D-47DA-B0B5-E036D10D676D}.Debug|Any CPU.ActiveCfg = Debug|Any CPU
		{47D79243-2B2D-47DA-B0B5-E036D10D676D}.Debug|Any CPU.Build.0 = Debug|Any CPU
		{47D79243-2B2D-47DA-B0B5-E036D10D676D}.Debug|x64.ActiveCfg = Debug|Any CPU
		{47D79243-2B2D-47DA-B0B5-E036D10D676D}.Debug|x64.Build.0 = Debug|Any CPU
		{47D79243-2B2D-47DA-B0B5-E036D10D676D}.Debug|x86.ActiveCfg = Debug|Any CPU
		{47D79243-2B2D-47DA-B0B5-E036D10D676D}.Debug|x86.Build.0 = Debug|Any CPU
		{47D79243-2B2D-47DA-B0B5-E036D10D676D}.Release|Any CPU.ActiveCfg = Release|Any CPU
		{47D79243-2B2D-47DA-B0B5-E036D10D676D}.Release|Any CPU.Build.0 = Release|Any CPU
		{47D79243-2B2D-47DA-B0B5-E036D10D676D}.Release|x64.ActiveCfg = Release|Any CPU
		{47D79243-2B2D-47DA-B0B5-E036D10D676D}.Release|x64.Build.0 = Release|Any CPU
		{47D79243-2B2D-47DA-B0B5-E036D10D676D}.Release|x86.ActiveCfg = Release|Any CPU
		{47D79243-2B2D-47DA-B0B5-E036D10D676D}.Release|x86.Build.0 = Release|Any CPU
		{6C467A1E-4C52-4C36-BDE0-3CC5D7A9FFF3}.Debug|Any CPU.ActiveCfg = Debug|Any CPU
		{6C467A1E-4C52-4C36-BDE0-3CC5D7A9FFF3}.Debug|Any CPU.Build.0 = Debug|Any CPU
		{6C467A1E-4C52-4C36-BDE0-3CC5D7A9FFF3}.Debug|x64.ActiveCfg = Debug|Any CPU
		{6C467A1E-4C52-4C36-BDE0-3CC5D7A9FFF3}.Debug|x64.Build.0 = Debug|Any CPU
		{6C467A1E-4C52-4C36-BDE0-3CC5D7A9FFF3}.Debug|x86.ActiveCfg = Debug|Any CPU
		{6C467A1E-4C52-4C36-BDE0-3CC5D7A9FFF3}.Debug|x86.Build.0 = Debug|Any CPU
		{6C467A1E-4C52-4C36-BDE0-3CC5D7A9FFF3}.Release|Any CPU.ActiveCfg = Release|Any CPU
		{6C467A1E-4C52-4C36-BDE0-3CC5D7A9FFF3}.Release|Any CPU.Build.0 = Release|Any CPU
		{6C467A1E-4C52-4C36-BDE0-3CC5D7A9FFF3}.Release|x64.ActiveCfg = Release|Any CPU
		{6C467A1E-4C52-4C36-BDE0-3CC5D7A9FFF3}.Release|x64.Build.0 = Release|Any CPU
		{6C467A1E-4C52-4C36-BDE0-3CC5D7A9FFF3}.Release|x86.ActiveCfg = Release|Any CPU
		{6C467A1E-4C52-4C36-BDE0-3CC5D7A9FFF3}.Release|x86.Build.0 = Release|Any CPU
	EndGlobalSection
	GlobalSection(SolutionProperties) = preSolution
		HideSolutionNode = FALSE
	EndGlobalSection
	GlobalSection(NestedProjects) = preSolution
		{7BD22F82-475F-EED6-3E81-031C627C923F} = {0AB3BF05-4346-4AA6-1389-037BE0695223}
		{47D79243-2B2D-47DA-B0B5-E036D10D676D} = {7BD22F82-475F-EED6-3E81-031C627C923F}
		{6C467A1E-4C52-4C36-BDE0-3CC5D7A9FFF3} = {7BD22F82-475F-EED6-3E81-031C627C923F}
	EndGlobalSection
EndGlobal
